lockfileVersion: '9.0'

settings:
  autoInstallPeers: true
  excludeLinksFromLockfile: false

importers:

  .:
    devDependencies:
      '@typescript/native-preview':
        specifier: 7.0.0-dev.20260417.1
        version: 7.0.0-dev.20260417.1

  npm/platforms/darwin-arm64: {}

  npm/platforms/darwin-x64: {}

  npm/platforms/linux-arm64-gnu: {}

  npm/platforms/linux-x64-gnu: {}

  npm/platforms/linux-x64-musl: {}

  npm/platforms/win32-x64-msvc: {}

  npm/tsgo-strict:
    dependencies:
      '@typescript/native-preview':
        specifier: '>=7.0.0-dev'
        version: 7.0.0-dev.20260417.1
      detect-libc:
        specifier: ^2.0.3
        version: 2.1.2

packages:

  '@typescript/native-preview-darwin-arm64@7.0.0-dev.20260417.1':
    resolution: {integrity: sha512-TSV/P3OlMs3iua4dus60uphUwuB0DXnx+1nNazpcAhrpi1oAP6SyKcpYR0D+pqa55i+BDUHVAqpj/AP6pWli8Q==}
    cpu: [arm64]
    os: [darwin]

  '@typescript/native-preview-darwin-x64@7.0.0-dev.20260417.1':
    resolution: {integrity: sha512-vwjFGTPRH15tiHTPjLpKc9YdCaJoySXsWuosopAeTdzghnM58YOXle8J2+y7Sui5N+5uKCCvu0Dug/thL/IpzA==}
    cpu: [x64]
    os: [darwin]

  '@typescript/native-preview-linux-arm64@7.0.0-dev.20260417.1':
    resolution: {integrity: sha512-Xbx3FANuS28RpwkjmzwASXeUmPJw8g7E/IRATaWfY945nldwnL5W6MACIdUKKPyQJYm4FtgtntorxJrf2O8vYw==}
    cpu: [arm64]
    os: [linux]

  '@typescript/native-preview-linux-arm@7.0.0-dev.20260417.1':
    resolution: {integrity: sha512-/2MG/XnvJMlwfej06NFHZTIOTHuxYCjGRHd+yBclbn6fTUVr3YhlzOZkFj9i2ewir//orOaEVD5u1F4rth8mVg==}
    cpu: [arm]
    os: [linux]

  '@typescript/native-preview-linux-x64@7.0.0-dev.20260417.1':
    resolution: {integrity: sha512-kA6tz+vBtfXdCrdwfh36pDhzdoCdn42sEIHIr4HpLvkpAfcn/ruRHWPCvcaOVcKAZWwqgOhyE5ENN9uOSKBZPA==}
    cpu: [x64]
    os: [linux]

  '@typescript/native-preview-win32-arm64@7.0.0-dev.20260417.1':
    resolution: {integrity: sha512-BHWsdltUYVNu1lHJTim3FofIBQSjn/Jw4BbA0UEiRpOwFi4hXt4SnP4/7M1A2DMmkBAAv/ZVU8vi+uR44CHatg==}
    cpu: [arm64]
    os: [win32]

  '@typescript/native-preview-win32-x64@7.0.0-dev.20260417.1':
    resolution: {integrity: sha512-93bOoa7KDADhfC5vyhnCKPn2A5lhe2lPGMIC2yWfmueOX+R6DLkl2G8olqh+ocTFHCJRhBv8R/VM1j7FaAxG5A==}
    cpu: [x64]
    os: [win32]

  '@typescript/native-preview@7.0.0-dev.20260417.1':
    resolution: {integrity: sha512-uIsfMRxtjgMF83TbAcpvHe0rgWVhqDSwCU1EYQT17qQbnOR56NIULneywLjeGKFgOCpn3eszd01/EjzS0n/LkA==}
    hasBin: true

  detect-libc@2.1.2:
    resolution: {integrity: sha512-Btj2BOOO83o3WyH59e8MgXsxEQVcarkUOpEYrubB0urwnN10yQ364rsiByU11nZlqWYZm05i/of7io4mzihBtQ==}
    engines: {node: '>=8'}

snapshots:

  '@typescript/native-preview-darwin-arm64@7.0.0-dev.20260417.1':
    optional: true

  '@typescript/native-preview-darwin-x64@7.0.0-dev.20260417.1':
    optional: true

  '@typescript/native-preview-linux-arm64@7.0.0-dev.20260417.1':
    optional: true

  '@typescript/native-preview-linux-arm@7.0.0-dev.20260417.1':
    optional: true

  '@typescript/native-preview-linux-x64@7.0.0-dev.20260417.1':
    optional: true

  '@typescript/native-preview-win32-arm64@7.0.0-dev.20260417.1':
    optional: true

  '@typescript/native-preview-win32-x64@7.0.0-dev.20260417.1':
    optional: true

  '@typescript/native-preview@7.0.0-dev.20260417.1':
    optionalDependencies:
      '@typescript/native-preview-darwin-arm64': 7.0.0-dev.20260417.1
      '@typescript/native-preview-darwin-x64': 7.0.0-dev.20260417.1
      '@typescript/native-preview-linux-arm': 7.0.0-dev.20260417.1
      '@typescript/native-preview-linux-arm64': 7.0.0-dev.20260417.1
      '@typescript/native-preview-linux-x64': 7.0.0-dev.20260417.1
      '@typescript/native-preview-win32-arm64': 7.0.0-dev.20260417.1
      '@typescript/native-preview-win32-x64': 7.0.0-dev.20260417.1

  detect-libc@2.1.2: {}
